Microsoft Visual Studio Solution File, Format Version 12.00
# Visual Studio Version 17
VisualStudioVersion = 17.5.2.0
MinimumVisualStudioVersion = 10.0.40219.1
Project("{FAE04EC0-301F-11D3-BF4B-00C04F79EFBC}") = "TVMazeScraper", "TVMazeScraper\TVMazeScraper.csproj", "{B049E496-6F0E-48D0-B8C2-A0B76B741A31}"
EndProject
Project("{FAE04EC0-301F-11D3-BF4B-00C04F79EFBC}") = "TVMazeScraper.Tests", "TVMazeScraper.Tests\TVMazeScraper.Tests.csproj", "{40FE196D-5F17-41B0-A998-2C68F8788DFA}"
EndProject
Global
	GlobalSection(SolutionConfigurationPlatforms) = preSolution
		Debug|Any CPU = Debug|Any CPU
		Release|Any CPU = Release|Any CPU
	EndGlobalSection
	GlobalSection(ProjectConfigurationPlatforms) = postSolution
		{8E011CB3-8347-2A22-32BD-3C9024DCF5D4}.Debug|Any CPU.ActiveCfg = Debug|Any CPU
		{8E011CB3-8347-2A22-32BD-3C9024DCF5D4}.Debug|Any CPU.Build.0 = Debug|Any CPU
		{8E011CB3-8347-2A22-32BD-3C9024DCF5D4}.Release|Any CPU.ActiveCfg = Release|Any CPU
		{8E011CB3-8347-2A22-32BD-3C9024DCF5D4}.Release|Any CPU.Build.0 = Release|Any CPU
		{B049E496-6F0E-48D0-B8C2-A0B76B741A31}.Debug|Any CPU.ActiveCfg = Debug|Any CPU
		{B049E496-6F0E-48D0-B8C2-A0B76B741A31}.Debug|Any CPU.Build.0 = Debug|Any CPU
		{B049E496-6F0E-48D0-B8C2-A0B76B741A31}.Release|Any CPU.ActiveCfg = Release|Any CPU
		{B049E496-6F0E-48D0-B8C2-A0B76B741A31}.Release|Any CPU.Build.0 = Release|Any CPU
		{40FE196D-5F17-41B0-A998-2C68F8788DFA}.Debug|Any CPU.ActiveCfg = Debug|Any CPU
		{40FE196D-5F17-41B0-A998-2C68F8788DFA}.Debug|Any CPU.Build.0 = Debug|Any CPU
		{40FE196D-5F17-41B0-A998-2C68F8788DFA}.Release|Any CPU.ActiveCfg = Release|Any CPU
		{40FE196D-5F17-41B0-A998-2C68F8788DFA}.Release|Any CPU.Build.0 = Release|Any CPU
	EndGlobalSection
	GlobalSection(SolutionProperties) = preSolution
		HideSolutionNode = FALSE
	EndGlobalSection
	GlobalSection(ExtensibilityGlobals) = postSolution
		SolutionGuid = {3C361DA3-7618-4A4B-B8C9-DA8C1DF3F25A}
	EndGlobalSection
EndGlobal
